
Microsoft Visual Studio Solution File, Format Version 12.00
# Visual Studio 15
VisualStudioVersion = 15.0.26730.12
MinimumVisualStudioVersion = 10.0.40219.1
Project("{FAE04EC0-301F-11D3-BF4B-00C04F79EFBC}") = "Comparer", "Comparer.csproj", "{4A261AB7-B354-4AD9-99E7-484B6BD759D7}"
	ProjectSection(ProjectDependencies) = postProject
		{71FCEBE6-0C4A-47C2-BBA9-DFB5FA5B2F11} = {71FCEBE6-0C4A-47C2-BBA9-DFB5FA5B2F11}
	EndProjectSection
EndProject
Project("{FAE04EC0-301F-11D3-BF4B-00C04F79EFBC}") = "WebService", "..\WebService\WebService.csproj", "{71FCEBE6-0C4A-47C2-BBA9-DFB5FA5B2F11}"
EndProject
Project("{FAE04EC0-301F-11D3-BF4B-00C04F79EFBC}") = "UnitTestsForComparer", "..\UnitTestsForComparer\UnitTestsForComparer.csproj", "{88E0CB45-AE38-4AA9-9E4B-84B45B653EC2}"
EndProject
Project("{FAE04EC0-301F-11D3-BF4B-00C04F79EFBC}") = "WebService.Tests", "..\WebService.Tests\WebService.Tests.csproj", "{253434F1-F4B2-4029-B7CC-19F896EE0F9E}"
EndProject
Global
	GlobalSection(SolutionConfigurationPlatforms) = preSolution
		Debug|Any CPU = Debug|Any CPU
		Release|Any CPU = Release|Any CPU
	EndGlobalSection
	GlobalSection(ProjectConfigurationPlatforms) = postSolution
		{4A261AB7-B354-4AD9-99E7-484B6BD759D7}.Debug|Any CPU.ActiveCfg = Debug|Any CPU
		{4A261AB7-B354-4AD9-99E7-484B6BD759D7}.Debug|Any CPU.Build.0 = Debug|Any CPU
		{4A261AB7-B354-4AD9-99E7-484B6BD759D7}.Release|Any CPU.ActiveCfg = Release|Any CPU
		{4A261AB7-B354-4AD9-99E7-484B6BD759D7}.Release|Any CPU.Build.0 = Release|Any CPU
		{71FCEBE6-0C4A-47C2-BBA9-DFB5FA5B2F11}.Debug|Any CPU.ActiveCfg = Debug|Any CPU
		{71FCEBE6-0C4A-47C2-BBA9-DFB5FA5B2F11}.Debug|Any CPU.Build.0 = Debug|Any CPU
		{71FCEBE6-0C4A-47C2-BBA9-DFB5FA5B2F11}.Release|Any CPU.ActiveCfg = Release|Any CPU
		{71FCEBE6-0C4A-47C2-BBA9-DFB5FA5B2F11}.Release|Any CPU.Build.0 = Release|Any CPU
		{88E0CB45-AE38-4AA9-9E4B-84B45B653EC2}.Debug|Any CPU.ActiveCfg = Debug|Any CPU
		{88E0CB45-AE38-4AA9-9E4B-84B45B653EC2}.Debug|Any CPU.Build.0 = Debug|Any CPU
		{88E0CB45-AE38-4AA9-9E4B-84B45B653EC2}.Release|Any CPU.ActiveCfg = Release|Any CPU
		{88E0CB45-AE38-4AA9-9E4B-84B45B653EC2}.Release|Any CPU.Build.0 = Release|Any CPU
		{253434F1-F4B2-4029-B7CC-19F896EE0F9E}.Debug|Any CPU.ActiveCfg = Debug|Any CPU
		{253434F1-F4B2-4029-B7CC-19F896EE0F9E}.Debug|Any CPU.Build.0 = Debug|Any CPU
		{253434F1-F4B2-4029-B7CC-19F896EE0F9E}.Release|Any CPU.ActiveCfg = Release|Any CPU
		{253434F1-F4B2-4029-B7CC-19F896EE0F9E}.Release|Any CPU.Build.0 = Release|Any CPU
	EndGlobalSection
	GlobalSection(SolutionProperties) = preSolution
		HideSolutionNode = FALSE
	EndGlobalSection
	GlobalSection(ExtensibilityGlobals) = postSolution
		SolutionGuid = {65C4FB63-82AC-4629-93D4-FE2403DE4DD2}
	EndGlobalSection
EndGlobal
