
Microsoft Visual Studio Solution File, Format Version 12.00
# Visual Studio 15
VisualStudioVersion = 15.0.26730.12
MinimumVisualStudioVersion = 10.0.40219.1
Project("{FAE04EC0-301F-11D3-BF4B-00C04F79EFBC}") = "ShoppingEngine", "ShoppingEngine\ShoppingEngine.csproj", "{2A7CB953-5ED5-4D53-AD2D-100E6C5C0E24}"
EndProject
Project("{FAE04EC0-301F-11D3-BF4B-00C04F79EFBC}") = "ShoppingEngineUnitTest", "ShoppingEngineUnitTest\ShoppingEngineUnitTest.csproj", "{2991ED96-111C-452A-B73B-90A45D57BC1A}"
EndProject
Global
	GlobalSection(SolutionConfigurationPlatforms) = preSolution
		Debug|Any CPU = Debug|Any CPU
		Release|Any CPU = Release|Any CPU
	EndGlobalSection
	GlobalSection(ProjectConfigurationPlatforms) = postSolution
		{2A7CB953-5ED5-4D53-AD2D-100E6C5C0E24}.Debug|Any CPU.ActiveCfg = Debug|Any CPU
		{2A7CB953-5ED5-4D53-AD2D-100E6C5C0E24}.Debug|Any CPU.Build.0 = Debug|Any CPU
		{2A7CB953-5ED5-4D53-AD2D-100E6C5C0E24}.Release|Any CPU.ActiveCfg = Release|Any CPU
		{2A7CB953-5ED5-4D53-AD2D-100E6C5C0E24}.Release|Any CPU.Build.0 = Release|Any CPU
		{2991ED96-111C-452A-B73B-90A45D57BC1A}.Debug|Any CPU.ActiveCfg = Debug|Any CPU
		{2991ED96-111C-452A-B73B-90A45D57BC1A}.Debug|Any CPU.Build.0 = Debug|Any CPU
		{2991ED96-111C-452A-B73B-90A45D57BC1A}.Release|Any CPU.ActiveCfg = Release|Any CPU
		{2991ED96-111C-452A-B73B-90A45D57BC1A}.Release|Any CPU.Build.0 = Release|Any CPU
	EndGlobalSection
	GlobalSection(SolutionProperties) = preSolution
		HideSolutionNode = FALSE
	EndGlobalSection
	GlobalSection(ExtensibilityGlobals) = postSolution
		SolutionGuid = {A1D6AB00-FB28-4E3A-858E-A1A76C1650CE}
	EndGlobalSection
EndGlobal
